
Microsoft Visual Studio Solution File, Format Version 12.00
# Visual Studio 15
VisualStudioVersion = 15.0.28307.852
MinimumVisualStudioVersion = 10.0.40219.1
Project("{8BC9CEB8-8B4A-11D0-8D11-00A0C91BC942}") = "CSC3150_A3_Bonus", "CSC3150_A3_Bonus\CSC3150_A3_Bonus.vcxproj", "{0D639F6C-7F04-4DD4-818B-2315532C8460}"
EndProject
Global
	GlobalSection(SolutionConfigurationPlatforms) = preSolution
		Debug|x64 = Debug|x64
		Release|x64 = Release|x64
	EndGlobalSection
	GlobalSection(ProjectConfigurationPlatforms) = postSolution
		{0D639F6C-7F04-4DD4-818B-2315532C8460}.Debug|x64.ActiveCfg = Debug|x64
		{0D639F6C-7F04-4DD4-818B-2315532C8460}.Debug|x64.Build.0 = Debug|x64
		{0D639F6C-7F04-4DD4-818B-2315532C8460}.Release|x64.ActiveCfg = Release|x64
		{0D639F6C-7F04-4DD4-818B-2315532C8460}.Release|x64.Build.0 = Release|x64
	EndGlobalSection
	GlobalSection(SolutionProperties) = preSolution
		HideSolutionNode = FALSE
	EndGlobalSection
	GlobalSection(ExtensibilityGlobals) = postSolution
		SolutionGuid = {7D30BB86-B360-438E-9043-4C84D011C03B}
	EndGlobalSection
EndGlobal
